
Microsoft Visual Studio Solution File, Format Version 12.00
# Visual Studio 2013
VisualStudioVersion = 12.0.40629.0
MinimumVisualStudioVersion = 10.0.40219.1
Project("{FAE04EC0-301F-11D3-BF4B-00C04F79EFBC}") = "iSelectManager", "iSelectManager\iSelectManager.csproj", "{73986F1E-1769-45B4-B52E-DC9D333EC69B}"
EndProject
Project("{FAE04EC0-301F-11D3-BF4B-00C04F79EFBC}") = "iSelectManager.Tests", "iSelectManager.Tests\iSelectManager.Tests.csproj", "{B1B13FD4-0844-4883-8D40-E916520087F3}"
EndProject
Global
	GlobalSection(SolutionConfigurationPlatforms) = preSolution
		Debug|Any CPU = Debug|Any CPU
		Release_2015R4|Any CPU = Release_2015R4|Any CPU
		Release|Any CPU = Release|Any CPU
	EndGlobalSection
	GlobalSection(ProjectConfigurationPlatforms) = postSolution
		{73986F1E-1769-45B4-B52E-DC9D333EC69B}.Debug|Any CPU.ActiveCfg = Debug|Any CPU
		{73986F1E-1769-45B4-B52E-DC9D333EC69B}.Debug|Any CPU.Build.0 = Debug|Any CPU
		{73986F1E-1769-45B4-B52E-DC9D333EC69B}.Release_2015R4|Any CPU.ActiveCfg = Release_2015R4|Any CPU
		{73986F1E-1769-45B4-B52E-DC9D333EC69B}.Release_2015R4|Any CPU.Build.0 = Release_2015R4|Any CPU
		{73986F1E-1769-45B4-B52E-DC9D333EC69B}.Release|Any CPU.ActiveCfg = Release|Any CPU
		{73986F1E-1769-45B4-B52E-DC9D333EC69B}.Release|Any CPU.Build.0 = Release|Any CPU
		{B1B13FD4-0844-4883-8D40-E916520087F3}.Debug|Any CPU.ActiveCfg = Debug|Any CPU
		{B1B13FD4-0844-4883-8D40-E916520087F3}.Debug|Any CPU.Build.0 = Debug|Any CPU
		{B1B13FD4-0844-4883-8D40-E916520087F3}.Release_2015R4|Any CPU.ActiveCfg = Release|Any CPU
		{B1B13FD4-0844-4883-8D40-E916520087F3}.Release_2015R4|Any CPU.Build.0 = Release|Any CPU
		{B1B13FD4-0844-4883-8D40-E916520087F3}.Release|Any CPU.ActiveCfg = Release|Any CPU
		{B1B13FD4-0844-4883-8D40-E916520087F3}.Release|Any CPU.Build.0 = Release|Any CPU
	EndGlobalSection
	GlobalSection(SolutionProperties) = preSolution
		HideSolutionNode = FALSE
	EndGlobalSection
EndGlobal
